{
  "version": 4,
  "terraform_version": "1.5.7",
  "serial": 27,
  "lineage": "8d36bf6f-868e-565f-c340-fd6366dcc471",
  "outputs": {
    "artifact_registry_url": {
      "value": "us-east4-docker.pkg.dev/lumen-pipeline/lumen-pipeline-docker",
      "type": "string"
    },
    "cache_bucket_name": {
      "value": "lumen-shape-cache-lumen-pipeline",
      "type": "string"
    },
    "full_image_uri": {
      "value": "us-east4-docker.pkg.dev/lumen-pipeline/lumen-pipeline-docker/lumen-pipeline:latest",
      "type": "string"
    },
    "service_account_email": {
      "value": "lumen-pipeline-sa@lumen-pipeline.iam.gserviceaccount.com",
      "type": "string"
    }
  },
  "resources": [
    {
      "mode": "managed",
      "type": "google_artifact_registry_repository",
      "name": "docker_repo",
      "provider": "provider[\"registry.terraform.io/hashicorp/google\"]",
      "instances": [
        {
          "schema_version": 0,
          "attributes": {
            "cleanup_policies": [
              {
                "action": "DELETE",
                "condition": [
                  {
                    "newer_than": "",
                    "older_than": "2592000s",
                    "package_name_prefixes": [],
                    "tag_prefixes": [],
                    "tag_state": "UNTAGGED",
                    "version_name_prefixes": []
                  }
                ],
                "id": "delete-untagged",
                "most_recent_versions": []
              }
            ],
            "cleanup_policy_dry_run": false,
            "create_time": "2026-02-22T22:55:25.102689Z",
            "description": "Docker images for the Lumen ML pipeline server",
            "docker_config": [],
            "effective_labels": {
              "goog-terraform-provisioned": "true"
            },
            "format": "DOCKER",
            "id": "projects/lumen-pipeline/locations/us-east4/repositories/lumen-pipeline-docker",
            "kms_key_name": "",
            "labels": {},
            "location": "us-east4",
            "maven_config": [],
            "mode": "STANDARD_REPOSITORY",
            "name": "lumen-pipeline-docker",
            "project": "lumen-pipeline",
            "registry_uri": "us-east4-docker.pkg.dev/lumen-pipeline/lumen-pipeline-docker",
            "remote_repository_config": [],
            "repository_id": "lumen-pipeline-docker",
            "terraform_labels": {
              "goog-terraform-provisioned": "true"
            },
            "timeouts": null,
            "update_time": "2026-02-22T22:55:25.102689Z",
            "virtual_repository_config": [],
            "vulnerability_scanning_config": [
              {
                "enablement_config": "",
                "enablement_state": "SCANNING_DISABLED",
                "enablement_state_reason": "API containerscanning.googleapis.com is not enabled."
              }
            ]
          },
          "sensitive_attributes": [],
          "private": "eyJlMmJmYjczMC1lY2FhLTExZTYtOGY4OC0zNDM2M2JjN2M0YzAiOnsiY3JlYXRlIjoxMjAwMDAwMDAwMDAwLCJkZWxldGUiOjEyMDAwMDAwMDAwMDAsInVwZGF0ZSI6MTIwMDAwMDAwMDAwMH19",
          "dependencies": [
            "google_project_service.required_apis"
          ]
        }
      ]
    },
    {
      "mode": "managed",
      "type": "google_artifact_registry_repository_iam_member",
      "name": "docker_reader",
      "provider": "provider[\"registry.terraform.io/hashicorp/google\"]",
      "instances": [
        {
          "schema_version": 0,
          "attributes": {
            "condition": [],
            "etag": "BwZLcY0G6XY=",
            "id": "projects/lumen-pipeline/locations/us-east4/repositories/lumen-pipeline-docker/roles/artifactregistry.reader/serviceAccount:lumen-pipeline-sa@lumen-pipeline.iam.gserviceaccount.com",
            "location": "us-east4",
            "member": "serviceAccount:lumen-pipeline-sa@lumen-pipeline.iam.gserviceaccount.com",
            "project": "lumen-pipeline",
            "repository": "projects/lumen-pipeline/locations/us-east4/repositories/lumen-pipeline-docker",
            "role": "roles/artifactregistry.reader"
          },
          "sensitive_attributes": [],
          "private": "bnVsbA==",
          "dependencies": [
            "google_artifact_registry_repository.docker_repo",
            "google_project_service.required_apis",
            "google_service_account.cloud_run_sa"
          ]
        }
      ]
    },
    {
      "mode": "managed",
      "type": "google_cloud_run_v2_service",
      "name": "lumen_pipeline",
      "provider": "provider[\"registry.terraform.io/hashicorp/google-beta\"]",
      "instances": [
        {
          "status": "tainted",
          "schema_version": 0,
          "attributes": {
            "annotations": {},
            "binary_authorization": [],
            "build_config": [],
            "client": "",
            "client_version": "",
            "conditions": [
              {
                "execution_reason": "",
                "last_transition_time": "2026-02-22T22:58:24.691394Z",
                "message": "Image 'us-east4-docker.pkg.dev/lumen-pipeline/lumen-pipeline-docker/lumen-pipeline:latest' not found.",
                "reason": "REVISION_FAILED",
                "revision_reason": "",
                "severity": "",
                "state": "CONDITION_FAILED",
                "type": "RoutesReady"
              },
              {
                "execution_reason": "",
                "last_transition_time": "2026-02-22T22:58:23.596805Z",
                "message": "Image 'us-east4-docker.pkg.dev/lumen-pipeline/lumen-pipeline-docker/lumen-pipeline:latest' not found.",
                "reason": "",
                "revision_reason": "",
                "severity": "",
                "state": "CONDITION_FAILED",
                "type": "ConfigurationsReady"
              }
            ],
            "create_time": "2026-02-22T22:58:23.282659Z",
            "creator": "toniiantonova@gmail.com",
            "custom_audiences": [],
            "default_uri_disabled": false,
            "delete_time": "",
            "deletion_protection": true,
            "description": "",
            "effective_annotations": {},
            "effective_labels": {
              "goog-terraform-provisioned": "true"
            },
            "etag": "\"CI-U7swGELiR5IYB/cHJvamVjdHMvbHVtZW4tcGlwZWxpbmUvbG9jYXRpb25zL3VzLWVhc3Q0L3NlcnZpY2VzL2x1bWVuLXBpcGVsaW5l\"",
            "expire_time": "",
            "generation": "1",
            "iap_enabled": false,
            "id": "projects/lumen-pipeline/locations/us-east4/services/lumen-pipeline",
            "ingress": "INGRESS_TRAFFIC_ALL",
            "invoker_iam_disabled": false,
            "labels": {},
            "last_modifier": "toniiantonova@gmail.com",
            "latest_created_revision": "projects/lumen-pipeline/locations/us-east4/services/lumen-pipeline/revisions/lumen-pipeline-00001-hzt",
            "latest_ready_revision": "",
            "launch_stage": "GA",
            "location": "us-east4",
            "multi_region_settings": [],
            "name": "lumen-pipeline",
            "observed_generation": "1",
            "project": "lumen-pipeline",
            "reconciling": false,
            "scaling": [
              {
                "manual_instance_count": 0,
                "max_instance_count": 1,
                "min_instance_count": 0,
                "scaling_mode": ""
              }
            ],
            "template": [
              {
                "annotations": {},
                "containers": [
                  {
                    "args": [],
                    "base_image_uri": "",
                    "build_info": [],
                    "command": [],
                    "depends_on": [],
                    "env": [
                      {
                        "name": "CACHE_BUCKET",
                        "value": "lumen-shape-cache-lumen-pipeline",
                        "value_source": []
                      },
                      {
                        "name": "MODEL_CACHE_DIR",
                        "value": "/home/appuser/models",
                        "value_source": []
                      }
                    ],
                    "image": "us-east4-docker.pkg.dev/lumen-pipeline/lumen-pipeline-docker/lumen-pipeline:latest",
                    "liveness_probe": [
                      {
                        "failure_threshold": 3,
                        "grpc": [],
                        "http_get": [
                          {
                            "http_headers": [],
                            "path": "/health",
                            "port": 8080
                          }
                        ],
                        "initial_delay_seconds": 0,
                        "period_seconds": 30,
                        "tcp_socket": [],
                        "timeout_seconds": 3
                      }
                    ],
                    "name": "",
                    "ports": [
                      {
                        "container_port": 8080,
                        "name": "http1"
                      }
                    ],
                    "readiness_probe": [],
                    "resources": [
                      {
                        "cpu_idle": false,
                        "limits": {
                          "cpu": "4",
                          "memory": "16Gi",
                          "nvidia.com/gpu": "1"
                        },
                        "startup_cpu_boost": true
                      }
                    ],
                    "source_code": [],
                    "startup_probe": [
                      {
                        "failure_threshold": 24,
                        "grpc": [],
                        "http_get": [
                          {
                            "http_headers": [],
                            "path": "/health/ready",
                            "port": 8080
                          }
                        ],
                        "initial_delay_seconds": 10,
                        "period_seconds": 5,
                        "tcp_socket": [],
                        "timeout_seconds": 3
                      }
                    ],
                    "volume_mounts": [],
                    "working_dir": ""
                  }
                ],
                "encryption_key": "",
                "execution_environment": "",
                "gpu_zonal_redundancy_disabled": true,
                "health_check_disabled": false,
                "labels": {},
                "max_instance_request_concurrency": 1,
                "node_selector": [
                  {
                    "accelerator": "nvidia-l4"
                  }
                ],
                "revision": "",
                "scaling": [
                  {
                    "max_instance_count": 1,
                    "min_instance_count": 0
                  }
                ],
                "service_account": "lumen-pipeline-sa@lumen-pipeline.iam.gserviceaccount.com",
                "service_mesh": [],
                "session_affinity": false,
                "timeout": "60s",
                "volumes": [],
                "vpc_access": []
              }
            ],
            "terminal_condition": [
              {
                "execution_reason": "",
                "last_transition_time": "2026-02-22T22:58:24.691394Z",
                "message": "Image 'us-east4-docker.pkg.dev/lumen-pipeline/lumen-pipeline-docker/lumen-pipeline:latest' not found.",
                "reason": "REVISION_FAILED",
                "revision_reason": "",
                "severity": "",
                "state": "CONDITION_FAILED",
                "type": "Ready"
              }
            ],
            "terraform_labels": {
              "goog-terraform-provisioned": "true"
            },
            "timeouts": null,
            "traffic": [
              {
                "percent": 100,
                "revision": "",
                "tag": "",
                "type": "TRAFFIC_TARGET_ALLOCATION_TYPE_LATEST"
              }
            ],
            "traffic_statuses": [],
            "uid": "0e47dd94-609c-4011-8f39-2f504a308987",
            "update_time": "2026-02-22T22:58:23.282659Z",
            "uri": "",
            "urls": [
              "https://lumen-pipeline-149036788105.us-east4.run.app"
            ]
          },
          "sensitive_attributes": [],
          "private": "eyJlMmJmYjczMC1lY2FhLTExZTYtOGY4OC0zNDM2M2JjN2M0YzAiOnsiY3JlYXRlIjoxMjAwMDAwMDAwMDAwLCJkZWxldGUiOjEyMDAwMDAwMDAwMDAsInVwZGF0ZSI6MTIwMDAwMDAwMDAwMH19",
          "dependencies": [
            "google_artifact_registry_repository.docker_repo",
            "google_project_service.required_apis",
            "google_service_account.cloud_run_sa",
            "google_storage_bucket.shape_cache"
          ]
        }
      ]
    },
    {
      "mode": "managed",
      "type": "google_cloud_run_v2_service_iam_member",
      "name": "public_invoker",
      "provider": "provider[\"registry.terraform.io/hashicorp/google-beta\"]",
      "instances": []
    },
    {
      "mode": "managed",
      "type": "google_project_service",
      "name": "required_apis",
      "provider": "provider[\"registry.terraform.io/hashicorp/google\"]",
      "instances": [
        {
          "index_key": "artifactregistry.googleapis.com",
          "schema_version": 0,
          "attributes": {
            "disable_dependent_services": null,
            "disable_on_destroy": false,
            "id": "lumen-pipeline/artifactregistry.googleapis.com",
            "project": "lumen-pipeline",
            "service": "artifactregistry.googleapis.com",
            "timeouts": null
          },
          "sensitive_attributes": [],
          "private": "eyJlMmJmYjczMC1lY2FhLTExZTYtOGY4OC0zNDM2M2JjN2M0YzAiOnsiY3JlYXRlIjoxMjAwMDAwMDAwMDAwLCJkZWxldGUiOjEyMDAwMDAwMDAwMDAsInJlYWQiOjYwMDAwMDAwMDAwMCwidXBkYXRlIjoxMjAwMDAwMDAwMDAwfX0="
        },
        {
          "index_key": "cloudbuild.googleapis.com",
          "schema_version": 0,
          "attributes": {
            "disable_dependent_services": null,
            "disable_on_destroy": false,
            "id": "lumen-pipeline/cloudbuild.googleapis.com",
            "project": "lumen-pipeline",
            "service": "cloudbuild.googleapis.com",
            "timeouts": null
          },
          "sensitive_attributes": [],
          "private": "eyJlMmJmYjczMC1lY2FhLTExZTYtOGY4OC0zNDM2M2JjN2M0YzAiOnsiY3JlYXRlIjoxMjAwMDAwMDAwMDAwLCJkZWxldGUiOjEyMDAwMDAwMDAwMDAsInJlYWQiOjYwMDAwMDAwMDAwMCwidXBkYXRlIjoxMjAwMDAwMDAwMDAwfX0="
        },
        {
          "index_key": "iam.googleapis.com",
          "schema_version": 0,
          "attributes": {
            "disable_dependent_services": null,
            "disable_on_destroy": false,
            "id": "lumen-pipeline/iam.googleapis.com",
            "project": "lumen-pipeline",
            "service": "iam.googleapis.com",
            "timeouts": null
          },
          "sensitive_attributes": [],
          "private": "eyJlMmJmYjczMC1lY2FhLTExZTYtOGY4OC0zNDM2M2JjN2M0YzAiOnsiY3JlYXRlIjoxMjAwMDAwMDAwMDAwLCJkZWxldGUiOjEyMDAwMDAwMDAwMDAsInJlYWQiOjYwMDAwMDAwMDAwMCwidXBkYXRlIjoxMjAwMDAwMDAwMDAwfX0="
        },
        {
          "index_key": "run.googleapis.com",
          "schema_version": 0,
          "attributes": {
            "disable_dependent_services": null,
            "disable_on_destroy": false,
            "id": "lumen-pipeline/run.googleapis.com",
            "project": "lumen-pipeline",
            "service": "run.googleapis.com",
            "timeouts": null
          },
          "sensitive_attributes": [],
          "private": "eyJlMmJmYjczMC1lY2FhLTExZTYtOGY4OC0zNDM2M2JjN2M0YzAiOnsiY3JlYXRlIjoxMjAwMDAwMDAwMDAwLCJkZWxldGUiOjEyMDAwMDAwMDAwMDAsInJlYWQiOjYwMDAwMDAwMDAwMCwidXBkYXRlIjoxMjAwMDAwMDAwMDAwfX0="
        },
        {
          "index_key": "storage.googleapis.com",
          "schema_version": 0,
          "attributes": {
            "disable_dependent_services": null,
            "disable_on_destroy": false,
            "id": "lumen-pipeline/storage.googleapis.com",
            "project": "lumen-pipeline",
            "service": "storage.googleapis.com",
            "timeouts": null
          },
          "sensitive_attributes": [],
          "private": "eyJlMmJmYjczMC1lY2FhLTExZTYtOGY4OC0zNDM2M2JjN2M0YzAiOnsiY3JlYXRlIjoxMjAwMDAwMDAwMDAwLCJkZWxldGUiOjEyMDAwMDAwMDAwMDAsInJlYWQiOjYwMDAwMDAwMDAwMCwidXBkYXRlIjoxMjAwMDAwMDAwMDAwfX0="
        }
      ]
    },
    {
      "mode": "managed",
      "type": "google_service_account",
      "name": "cloud_run_sa",
      "provider": "provider[\"registry.terraform.io/hashicorp/google\"]",
      "instances": [
        {
          "schema_version": 0,
          "attributes": {
            "account_id": "lumen-pipeline-sa",
            "create_ignore_already_exists": null,
            "description": "Least-privilege SA for the Lumen ML pipeline on Cloud Run",
            "disabled": false,
            "display_name": "Lumen Pipeline Cloud Run Service Account",
            "email": "lumen-pipeline-sa@lumen-pipeline.iam.gserviceaccount.com",
            "id": "projects/lumen-pipeline/serviceAccounts/lumen-pipeline-sa@lumen-pipeline.iam.gserviceaccount.com",
            "member": "serviceAccount:lumen-pipeline-sa@lumen-pipeline.iam.gserviceaccount.com",
            "name": "projects/lumen-pipeline/serviceAccounts/lumen-pipeline-sa@lumen-pipeline.iam.gserviceaccount.com",
            "project": "lumen-pipeline",
            "timeouts": null,
            "unique_id": "101334049648001495110"
          },
          "sensitive_attributes": [],
          "private": "eyJlMmJmYjczMC1lY2FhLTExZTYtOGY4OC0zNDM2M2JjN2M0YzAiOnsiY3JlYXRlIjozMDAwMDAwMDAwMDB9fQ==",
          "dependencies": [
            "google_project_service.required_apis"
          ]
        }
      ]
    },
    {
      "mode": "managed",
      "type": "google_storage_bucket",
      "name": "shape_cache",
      "provider": "provider[\"registry.terraform.io/hashicorp/google\"]",
      "instances": []
    },
    {
      "mode": "managed",
      "type": "google_storage_bucket_iam_member",
      "name": "cache_bucket_admin",
      "provider": "provider[\"registry.terraform.io/hashicorp/google\"]",
      "instances": []
    }
  ],
  "check_results": null
}
